// !$*UTF8*$!
{
	archiveVersion = 1;
	classes = {
	};
	objectVersion = 54;
	objects = {

/* Begin PBXBuildFile section */
		4C469ED520EC600900094EA4 /* ICPCoreMedia.m in Sources */ = {isa = PBXBuildFile; fileRef = 4C469EA620EC600900094EA4 /* ICPCoreMedia.m */; };
		4C469ED620EC600900094EA4 /* ICMCommonInlineVideos.m in Sources */ = {isa = PBXBuildFile; fileRef = 4C469EA920EC600900094EA4 /* ICMCommonInlineVideos.m */; };
		4C469ED720EC600900094EA4 /* ICMTweet.m in Sources */ = {isa = PBXBuildFile; fileRef = 4C469EAC20EC600900094EA4 /* ICMTweet.m */; };
		4C469EDA20EC600900094EA4 /* ICMGyazo.m in Sources */ = {isa = PBXBuildFile; fileRef = 4C469EB620EC600900094EA4 /* ICMGyazo.m */; };
		4C469EDB20EC600900094EA4 /* ICMStreamable.m in Sources */ = {isa = PBXBuildFile; fileRef = 4C469EB920EC600900094EA4 /* ICMStreamable.m */; };
		4C469EDC20EC600900094EA4 /* ICMVimeo.m in Sources */ = {isa = PBXBuildFile; fileRef = 4C469EBC20EC600900094EA4 /* ICMVimeo.m */; };
		4C469EDE20EC600900094EA4 /* ICMImgurGifv.m in Sources */ = {isa = PBXBuildFile; fileRef = 4C469EC120EC600900094EA4 /* ICMImgurGifv.m */; };
		4C469EDF20EC600900094EA4 /* ICMYouTube.m in Sources */ = {isa = PBXBuildFile; fileRef = 4C469EC420EC600900094EA4 /* ICMYouTube.m */; };
		4C469EE020EC600900094EA4 /* ICMDailymotion.m in Sources */ = {isa = PBXBuildFile; fileRef = 4C469EC820EC600900094EA4 /* ICMDailymotion.m */; };
		4C469EE120EC600900094EA4 /* ICMTwitchClips.m in Sources */ = {isa = PBXBuildFile; fileRef = 4C469ECA20EC600900094EA4 /* ICMTwitchClips.m */; };
		4C469EE220EC600900094EA4 /* ICMTwitchLive.m in Sources */ = {isa = PBXBuildFile; fileRef = 4C469ECD20EC600900094EA4 /* ICMTwitchLive.m */; };
		4C469EE320EC600900094EA4 /* ICMCommonInlineImages.m in Sources */ = {isa = PBXBuildFile; fileRef = 4C469ED020EC600900094EA4 /* ICMCommonInlineImages.m */; };
		4C469EE420EC600900094EA4 /* ICMXkcd.m in Sources */ = {isa = PBXBuildFile; fileRef = 4C469ED320EC600900094EA4 /* ICMXkcd.m */; };
		424846CACEC9BE830A30E8CF /* ICMLinkPreviewCard.m in Sources */ = {isa = PBXBuildFile; fileRef = 02E14F0A270ACF16F8BC9E02 /* ICMLinkPreviewCard.m */; };
		54C30A91B8F1472E027C7BE8 /* ICMGitHub.m in Sources */ = {isa = PBXBuildFile; fileRef = 7810346438E8C1A8591E52C0 /* ICMGitHub.m */; };
		1B8F78E7F6D6FD9CFA26F8AD /* ICMReddit.m in Sources */ = {isa = PBXBuildFile; fileRef = D121B54C692F778F6D40EC5E /* ICMReddit.m */; };
		30C1CB3BEFCC636C0079E3C2 /* ICMLinkPreviewCard.mustache in Resources */ = {isa = PBXBuildFile; fileRef = B4DCE587D6EFDFD5C34D1E2B /* ICMLinkPreviewCard.mustache */; };
		092E272411A4884560869FA7 /* ICMLinkPreviewCard.css in Resources */ = {isa = PBXBuildFile; fileRef = 4DA459A1320BE005E5DE8FB5 /* ICMLinkPreviewCard.css */; };
		011B29054D7EBD48159ACEF5 /* ICMWikipedia.m in Sources */ = {isa = PBXBuildFile; fileRef = CAE8A5FA36C8D5E0CF2DC8B6 /* ICMWikipedia.m */; };
		33DC81C6CEE724CA41A3529A /* ICMSpotify.m in Sources */ = {isa = PBXBuildFile; fileRef = AE826E8A97FCE2E144A1FC36 /* ICMSpotify.m */; };
		B851DA32F4FE3B6DE2388C9B /* ICMSoundCloud.m in Sources */ = {isa = PBXBuildFile; fileRef = 5D76E382E8E8ABD4BE20E49F /* ICMSoundCloud.m */; };
		F45D2952B112222313A3AADF /* ICMGiphy.m in Sources */ = {isa = PBXBuildFile; fileRef = 1850990256D6648C5D2C2FD6 /* ICMGiphy.m */; };
		D838EF160164A22E9ECF7D69 /* ICMCodePen.m in Sources */ = {isa = PBXBuildFile; fileRef = B32C4CFA0208003C6BE35419 /* ICMCodePen.m */; };
		152DEFD5DA9B33566D84172B /* ICMBandcamp.m in Sources */ = {isa = PBXBuildFile; fileRef = E2645B54F0F8BE0DC3C764AE /* ICMBandcamp.m */; };
		4CE144E820EC0448000E01C9 /* CocoaExtensions.framework in Frameworks */ = {isa = PBXBuildFile; fileRef = 4CE144E720EC0448000E01C9 /* CocoaExtensions.framework */; };
/* End PBXBuildFile section */

/* Begin PBXFileReference section */
		4C469EA420EC600900094EA4 /* ICPCoreMediaPrivate.h */ = {isa = PBXFileReference; fileEncoding = 4; lastKnownFileType = sourcecode.c.h; path = ICPCoreMediaPrivate.h; sourceTree = "<group>"; };
		4C469EA520EC600900094EA4 /* ICPCoreMediaPCHPrivate.h */ = {isa = PBXFileReference; fileEncoding = 4; lastKnownFileType = sourcecode.c.h; path = ICPCoreMediaPCHPrivate.h; sourceTree = "<group>"; };
		4C469EA620EC600900094EA4 /* ICPCoreMedia.m */ = {isa = PBXFileReference; fileEncoding = 4; lastKnownFileType = sourcecode.c.objc; path = ICPCoreMedia.m; sourceTree = "<group>"; };
		4C469EA920EC600900094EA4 /* ICMCommonInlineVideos.m */ = {isa = PBXFileReference; fileEncoding = 4; lastKnownFileType = sourcecode.c.objc; path = ICMCommonInlineVideos.m; sourceTree = "<group>"; };
		4C469EAA20EC600900094EA4 /* ICMCommonInlineVideos.h */ = {isa = PBXFileReference; fileEncoding = 4; lastKnownFileType = sourcecode.c.h; path = ICMCommonInlineVideos.h; sourceTree = "<group>"; };
		4C469EAC20EC600900094EA4 /* ICMTweet.m */ = {isa = PBXFileReference; fileEncoding = 4; lastKnownFileType = sourcecode.c.objc; path = ICMTweet.m; sourceTree = "<group>"; };
		4C469EAD20EC600900094EA4 /* ICMTweet.h */ = {isa = PBXFileReference; fileEncoding = 4; lastKnownFileType = sourcecode.c.h; path = ICMTweet.h; sourceTree = "<group>"; };
		4C469EB520EC600900094EA4 /* ICMGyazo.h */ = {isa = PBXFileReference; fileEncoding = 4; lastKnownFileType = sourcecode.c.h; path = ICMGyazo.h; sourceTree = "<group>"; };
		4C469EB620EC600900094EA4 /* ICMGyazo.m */ = {isa = PBXFileReference; fileEncoding = 4; lastKnownFileType = sourcecode.c.objc; path = ICMGyazo.m; sourceTree = "<group>"; };
		4C469EB820EC600900094EA4 /* ICMStreamable.h */ = {isa = PBXFileReference; fileEncoding = 4; lastKnownFileType = sourcecode.c.h; path = ICMStreamable.h; sourceTree = "<group>"; };
		4C469EB920EC600900094EA4 /* ICMStreamable.m */ = {isa = PBXFileReference; fileEncoding = 4; lastKnownFileType = sourcecode.c.objc; path = ICMStreamable.m; sourceTree = "<group>"; };
		4C469EBB20EC600900094EA4 /* ICMVimeo.h */ = {isa = PBXFileReference; fileEncoding = 4; lastKnownFileType = sourcecode.c.h; path = ICMVimeo.h; sourceTree = "<group>"; };
		4C469EBC20EC600900094EA4 /* ICMVimeo.m */ = {isa = PBXFileReference; fileEncoding = 4; lastKnownFileType = sourcecode.c.objc; path = ICMVimeo.m; sourceTree = "<group>"; };
		4C469EC120EC600900094EA4 /* ICMImgurGifv.m */ = {isa = PBXFileReference; fileEncoding = 4; lastKnownFileType = sourcecode.c.objc; path = ICMImgurGifv.m; sourceTree = "<group>"; };
		4C469EC220EC600900094EA4 /* ICMImgurGifv.h */ = {isa = PBXFileReference; fileEncoding = 4; lastKnownFileType = sourcecode.c.h; path = ICMImgurGifv.h; sourceTree = "<group>"; };
		4C469EC420EC600900094EA4 /* ICMYouTube.m */ = {isa = PBXFileReference; fileEncoding = 4; lastKnownFileType = sourcecode.c.objc; path = ICMYouTube.m; sourceTree = "<group>"; };
		4C469EC520EC600900094EA4 /* ICMYouTube.h */ = {isa = PBXFileReference; fileEncoding = 4; lastKnownFileType = sourcecode.c.h; path = ICMYouTube.h; sourceTree = "<group>"; };
		4C469EC720EC600900094EA4 /* ICMDailymotion.h */ = {isa = PBXFileReference; fileEncoding = 4; lastKnownFileType = sourcecode.c.h; path = ICMDailymotion.h; sourceTree = "<group>"; };
		4C469EC820EC600900094EA4 /* ICMDailymotion.m */ = {isa = PBXFileReference; fileEncoding = 4; lastKnownFileType = sourcecode.c.objc; path = ICMDailymotion.m; sourceTree = "<group>"; };
		4C469ECA20EC600900094EA4 /* ICMTwitchClips.m */ = {isa = PBXFileReference; fileEncoding = 4; lastKnownFileType = sourcecode.c.objc; path = ICMTwitchClips.m; sourceTree = "<group>"; };
		4C469ECB20EC600900094EA4 /* ICMTwitchClips.h */ = {isa = PBXFileReference; fileEncoding = 4; lastKnownFileType = sourcecode.c.h; path = ICMTwitchClips.h; sourceTree = "<group>"; };
		4C469ECD20EC600900094EA4 /* ICMTwitchLive.m */ = {isa = PBXFileReference; fileEncoding = 4; lastKnownFileType = sourcecode.c.objc; path = ICMTwitchLive.m; sourceTree = "<group>"; };
		4C469ECE20EC600900094EA4 /* ICMTwitchLive.h */ = {isa = PBXFileReference; fileEncoding = 4; lastKnownFileType = sourcecode.c.h; path = ICMTwitchLive.h; sourceTree = "<group>"; };
		4C469ED020EC600900094EA4 /* ICMCommonInlineImages.m */ = {isa = PBXFileReference; fileEncoding = 4; lastKnownFileType = sourcecode.c.objc; path = ICMCommonInlineImages.m; sourceTree = "<group>"; };
		4C469ED120EC600900094EA4 /* ICMCommonInlineImages.h */ = {isa = PBXFileReference; fileEncoding = 4; lastKnownFileType = sourcecode.c.h; path = ICMCommonInlineImages.h; sourceTree = "<group>"; };
		4C469ED320EC600900094EA4 /* ICMXkcd.m */ = {isa = PBXFileReference; fileEncoding = 4; lastKnownFileType = sourcecode.c.objc; path = ICMXkcd.m; sourceTree = "<group>"; };
		4C469ED420EC600900094EA4 /* ICMXkcd.h */ = {isa = PBXFileReference; fileEncoding = 4; lastKnownFileType = sourcecode.c.h; path = ICMXkcd.h; sourceTree = "<group>"; };
		5B363A6C7CC4F444B53B3C11 /* ICMLinkPreviewCard.h */ = {isa = PBXFileReference; fileEncoding = 4; lastKnownFileType = sourcecode.c.h; path = ICMLinkPreviewCard.h; sourceTree = "<group>"; };
		02E14F0A270ACF16F8BC9E02 /* ICMLinkPreviewCard.m */ = {isa = PBXFileReference; fileEncoding = 4; lastKnownFileType = sourcecode.c.objc; path = ICMLinkPreviewCard.m; sourceTree = "<group>"; };
		B014D4E93460FC1F4A755A73 /* ICMGitHub.h */ = {isa = PBXFileReference; fileEncoding = 4; lastKnownFileType = sourcecode.c.h; path = ICMGitHub.h; sourceTree = "<group>"; };
		7810346438E8C1A8591E52C0 /* ICMGitHub.m */ = {isa = PBXFileReference; fileEncoding = 4; lastKnownFileType = sourcecode.c.objc; path = ICMGitHub.m; sourceTree = "<group>"; };
		2DA2712DF77F7DFE0F481A15 /* ICMReddit.h */ = {isa = PBXFileReference; fileEncoding = 4; lastKnownFileType = sourcecode.c.h; path = ICMReddit.h; sourceTree = "<group>"; };
		D121B54C692F778F6D40EC5E /* ICMReddit.m */ = {isa = PBXFileReference; fileEncoding = 4; lastKnownFileType = sourcecode.c.objc; path = ICMReddit.m; sourceTree = "<group>"; };
		B4DCE587D6EFDFD5C34D1E2B /* ICMLinkPreviewCard.mustache */ = {isa = PBXFileReference; fileEncoding = 4; lastKnownFileType = text; path = ICMLinkPreviewCard.mustache; sourceTree = "<group>"; };
		4DA459A1320BE005E5DE8FB5 /* ICMLinkPreviewCard.css */ = {isa = PBXFileReference; fileEncoding = 4; lastKnownFileType = text.css; path = ICMLinkPreviewCard.css; sourceTree = "<group>"; };
		08A8A9EACE0B58EBD773DE92 /* ICMWikipedia.h */ = {isa = PBXFileReference; fileEncoding = 4; lastKnownFileType = sourcecode.c.h; path = ICMWikipedia.h; sourceTree = "<group>"; };
		CAE8A5FA36C8D5E0CF2DC8B6 /* ICMWikipedia.m */ = {isa = PBXFileReference; fileEncoding = 4; lastKnownFileType = sourcecode.c.objc; path = ICMWikipedia.m; sourceTree = "<group>"; };
		9B971194AF5854159BE01A53 /* ICMSpotify.h */ = {isa = PBXFileReference; fileEncoding = 4; lastKnownFileType = sourcecode.c.h; path = ICMSpotify.h; sourceTree = "<group>"; };
		AE826E8A97FCE2E144A1FC36 /* ICMSpotify.m */ = {isa = PBXFileReference; fileEncoding = 4; lastKnownFileType = sourcecode.c.objc; path = ICMSpotify.m; sourceTree = "<group>"; };
		A94DF6F60728FFCB6B353EBB /* ICMSoundCloud.h */ = {isa = PBXFileReference; fileEncoding = 4; lastKnownFileType = sourcecode.c.h; path = ICMSoundCloud.h; sourceTree = "<group>"; };
		5D76E382E8E8ABD4BE20E49F /* ICMSoundCloud.m */ = {isa = PBXFileReference; fileEncoding = 4; lastKnownFileType = sourcecode.c.objc; path = ICMSoundCloud.m; sourceTree = "<group>"; };
		A5009076F8B2FFB9047FA378 /* ICMGiphy.h */ = {isa = PBXFileReference; fileEncoding = 4; lastKnownFileType = sourcecode.c.h; path = ICMGiphy.h; sourceTree = "<group>"; };
		1850990256D6648C5D2C2FD6 /* ICMGiphy.m */ = {isa = PBXFileReference; fileEncoding = 4; lastKnownFileType = sourcecode.c.objc; path = ICMGiphy.m; sourceTree = "<group>"; };
		D6A7AAE032FBB51FCD0E37DA /* ICMCodePen.h */ = {isa = PBXFileReference; fileEncoding = 4; lastKnownFileType = sourcecode.c.h; path = ICMCodePen.h; sourceTree = "<group>"; };
		B32C4CFA0208003C6BE35419 /* ICMCodePen.m */ = {isa = PBXFileReference; fileEncoding = 4; lastKnownFileType = sourcecode.c.objc; path = ICMCodePen.m; sourceTree = "<group>"; };
		DF262D5E7505221A183C231C /* ICMBandcamp.h */ = {isa = PBXFileReference; fileEncoding = 4; lastKnownFileType = sourcecode.c.h; path = ICMBandcamp.h; sourceTree = "<group>"; };
		E2645B54F0F8BE0DC3C764AE /* ICMBandcamp.m */ = {isa = PBXFileReference; fileEncoding = 4; lastKnownFileType = sourcecode.c.objc; path = ICMBandcamp.m; sourceTree = "<group>"; };
		4C469F0120EC601B00094EA4 /* TPCPreferences.h */ = {isa = PBXFileReference; fileEncoding = 4; lastKnownFileType = sourcecode.c.h; path = TPCPreferences.h; sourceTree = "<group>"; };
		4C469F3620EC608E00094EA4 /* Info.plist */ = {isa = PBXFileReference; fileEncoding = 4; lastKnownFileType = text.plist.xml; path = Info.plist; sourceTree = "<group>"; };
		4CA1FE581FA606890095901F /* Core Media.mediaPlugin */ = {isa = PBXFileReference; explicitFileType = wrapper.cfbundle; includeInIndex = 0; path = "Core Media.mediaPlugin"; sourceTree = BUILT_PRODUCTS_DIR; };
		4CE144E720EC0448000E01C9 /* CocoaExtensions.framework */ = {isa = PBXFileReference; lastKnownFileType = wrapper.framework; name = CocoaExtensions.framework; path = "../../../../.tmp/SharedBuildProducts-Frameworks/CocoaExtensions.framework"; sourceTree = SOURCE_ROOT; };
		4CE145B220EC0D5A000E01C9 /* Textual.xcconfig */ = {isa = PBXFileReference; lastKnownFileType = text.xcconfig; path = Textual.xcconfig; sourceTree = "<group>"; };
		4CE145B620EC0D5A000E01C9 /* XPC Service - ICL Extensions.xcconfig */ = {isa = PBXFileReference; lastKnownFileType = text.xcconfig; path = "XPC Service - ICL Extensions.xcconfig"; sourceTree = "<group>"; };
		4CE145B720EC0D5A000E01C9 /* Enabled Features.xcconfig */ = {isa = PBXFileReference; lastKnownFileType = text.xcconfig; path = "Enabled Features.xcconfig"; sourceTree = "<group>"; };
		4CE145C520EC0D5A000E01C9 /* Textual.xcconfig */ = {isa = PBXFileReference; lastKnownFileType = text.xcconfig; path = Textual.xcconfig; sourceTree = "<group>"; };
		4CE145C620EC0D5A000E01C9 /* Preserve Symbols.xcconfig */ = {isa = PBXFileReference; lastKnownFileType = text.xcconfig; path = "Preserve Symbols.xcconfig"; sourceTree = "<group>"; };
		4CE145C920EC0D5A000E01C9 /* Foundation.xcconfig */ = {isa = PBXFileReference; lastKnownFileType = text.xcconfig; path = Foundation.xcconfig; sourceTree = "<group>"; };
		4CE145CB20EC0D5A000E01C9 /* XPC Service - ICL Extensions.xcconfig */ = {isa = PBXFileReference; lastKnownFileType = text.xcconfig; path = "XPC Service - ICL Extensions.xcconfig"; sourceTree = "<group>"; };
		4CE145CC20EC0D5A000E01C9 /* Foundation Debug.xcconfig */ = {isa = PBXFileReference; lastKnownFileType = text.xcconfig; path = "Foundation Debug.xcconfig"; sourceTree = "<group>"; };
		4CE145DA20EC0D5A000E01C9 /* Textual.xcconfig */ = {isa = PBXFileReference; lastKnownFileType = text.xcconfig; path = Textual.xcconfig; sourceTree = "<group>"; };
		4CE145DE20EC0D5A000E01C9 /* XPC Service - ICL Extensions.xcconfig */ = {isa = PBXFileReference; lastKnownFileType = text.xcconfig; path = "XPC Service - ICL Extensions.xcconfig"; sourceTree = "<group>"; };
		4CE145DF20EC0D5A000E01C9 /* Enabled Features.xcconfig */ = {isa = PBXFileReference; lastKnownFileType = text.xcconfig; path = "Enabled Features.xcconfig"; sourceTree = "<group>"; };
/* End PBXFileReference section */

/* Begin PBXFrameworksBuildPhase section */
		4CA1FE551FA606890095901F /* Frameworks */ = {
			isa = PBXFrameworksBuildPhase;
			buildActionMask = 2147483647;
			files = (
				4CE144E820EC0448000E01C9 /* CocoaExtensions.framework in Frameworks */,
			);
			runOnlyForDeploymentPostprocessing = 0;
		};
/* End PBXFrameworksBuildPhase section */

/* Begin PBXGroup section */
		4C03B65B1FA6518A00748FE7 /* System Frameworks */ = {
			isa = PBXGroup;
			children = (
			);
			name = "System Frameworks";
			sourceTree = "<group>";
		};
		4C03B6731FA6566200748FE7 /* External Frameworks */ = {
			isa = PBXGroup;
			children = (
				4CE144E720EC0448000E01C9 /* CocoaExtensions.framework */,
			);
			name = "External Frameworks";
			sourceTree = "<group>";
		};
		4C469EA120EC600900094EA4 /* Classes */ = {
			isa = PBXGroup;
			children = (
				4C469EA220EC600900094EA4 /* Headers */,
				4C469EA720EC600900094EA4 /* Modules */,
				4C469EE520EC601B00094EA4 /* Shared */,
				4C469EA620EC600900094EA4 /* ICPCoreMedia.m */,
			);
			path = Classes;
			sourceTree = "<group>";
		};
		4C469EA220EC600900094EA4 /* Headers */ = {
			isa = PBXGroup;
			children = (
				4C469EA320EC600900094EA4 /* Private */,
			);
			path = Headers;
			sourceTree = "<group>";
		};
		4C469EA320EC600900094EA4 /* Private */ = {
			isa = PBXGroup;
			children = (
				4C469EA420EC600900094EA4 /* ICPCoreMediaPrivate.h */,
				4C469EA520EC600900094EA4 /* ICPCoreMediaPCHPrivate.h */,
			);
			path = Private;
			sourceTree = "<group>";
		};
		4C469EA720EC600900094EA4 /* Modules */ = {
			isa = PBXGroup;
			children = (
				7FA9B7F0528CA862E89E3CDD /* Bandcamp */,
				DBFF15BF9428FA049172BF06 /* CodePen */,
				4C469ECF20EC600900094EA4 /* Common Images */,
				4C469EA820EC600900094EA4 /* Common Videos */,
				4C469EC620EC600900094EA4 /* Dailymotion */,
				A6503F0545954A7D17045DD2 /* Giphy */,
				374F48E6506D74CB0F85F7AB /* GitHub */,
				4C469EB420EC600900094EA4 /* Gyazo */,
				4C469EC020EC600900094EA4 /* Imgur .gifv */,
				1AB79770D6B55746CB0985F5 /* Link Preview Card */,
				F02149A98409D9A641D7313A /* Reddit */,
				3E9ADF74F5C0BA2B459E2027 /* SoundCloud */,
				48E12202D440D475C2A12BAB /* Spotify */,
				4C469EB720EC600900094EA4 /* Streamable */,
				4C469EC920EC600900094EA4 /* Twitch Clips */,
				4C469ECC20EC600900094EA4 /* Twitch Live */,
				4C469EAB20EC600900094EA4 /* Twitter */,
				4C469EBA20EC600900094EA4 /* Vimeo */,
				EB4DF9C1ECC2B66750986598 /* Wikipedia */,
				4C469ED220EC600900094EA4 /* xkcd */,
				4C469EC320EC600900094EA4 /* YouTube */,
			);
			path = Modules;
			sourceTree = "<group>";
		};
		4C469EA820EC600900094EA4 /* Common Videos */ = {
			isa = PBXGroup;
			children = (
				4C469EA920EC600900094EA4 /* ICMCommonInlineVideos.m */,
				4C469EAA20EC600900094EA4 /* ICMCommonInlineVideos.h */,
			);
			path = "Common Videos";
			sourceTree = "<group>";
		};
		4C469EAB20EC600900094EA4 /* Twitter */ = {
			isa = PBXGroup;
			children = (
				4C469EAC20EC600900094EA4 /* ICMTweet.m */,
				4C469EAD20EC600900094EA4 /* ICMTweet.h */,
			);
			path = Twitter;
			sourceTree = "<group>";
		};
		4C469EB420EC600900094EA4 /* Gyazo */ = {
			isa = PBXGroup;
			children = (
				4C469EB520EC600900094EA4 /* ICMGyazo.h */,
				4C469EB620EC600900094EA4 /* ICMGyazo.m */,
			);
			path = Gyazo;
			sourceTree = "<group>";
		};
		4C469EB720EC600900094EA4 /* Streamable */ = {
			isa = PBXGroup;
			children = (
				4C469EB820EC600900094EA4 /* ICMStreamable.h */,
				4C469EB920EC600900094EA4 /* ICMStreamable.m */,
			);
			path = Streamable;
			sourceTree = "<group>";
		};
		4C469EBA20EC600900094EA4 /* Vimeo */ = {
			isa = PBXGroup;
			children = (
				4C469EBB20EC600900094EA4 /* ICMVimeo.h */,
				4C469EBC20EC600900094EA4 /* ICMVimeo.m */,
			);
			path = Vimeo;
			sourceTree = "<group>";
		};
		4C469EC020EC600900094EA4 /* Imgur .gifv */ = {
			isa = PBXGroup;
			children = (
				4C469EC120EC600900094EA4 /* ICMImgurGifv.m */,
				4C469EC220EC600900094EA4 /* ICMImgurGifv.h */,
			);
			path = "Imgur .gifv";
			sourceTree = "<group>";
		};
		4C469EC320EC600900094EA4 /* YouTube */ = {
			isa = PBXGroup;
			children = (
				4C469EC420EC600900094EA4 /* ICMYouTube.m */,
				4C469EC520EC600900094EA4 /* ICMYouTube.h */,
			);
			path = YouTube;
			sourceTree = "<group>";
		};
		4C469EC620EC600900094EA4 /* Dailymotion */ = {
			isa = PBXGroup;
			children = (
				4C469EC720EC600900094EA4 /* ICMDailymotion.h */,
				4C469EC820EC600900094EA4 /* ICMDailymotion.m */,
			);
			path = Dailymotion;
			sourceTree = "<group>";
		};
		4C469EC920EC600900094EA4 /* Twitch Clips */ = {
			isa = PBXGroup;
			children = (
				4C469ECA20EC600900094EA4 /* ICMTwitchClips.m */,
				4C469ECB20EC600900094EA4 /* ICMTwitchClips.h */,
			);
			path = "Twitch Clips";
			sourceTree = "<group>";
		};
		4C469ECC20EC600900094EA4 /* Twitch Live */ = {
			isa = PBXGroup;
			children = (
				4C469ECD20EC600900094EA4 /* ICMTwitchLive.m */,
				4C469ECE20EC600900094EA4 /* ICMTwitchLive.h */,
			);
			path = "Twitch Live";
			sourceTree = "<group>";
		};
		4C469ECF20EC600900094EA4 /* Common Images */ = {
			isa = PBXGroup;
			children = (
				4C469ED020EC600900094EA4 /* ICMCommonInlineImages.m */,
				4C469ED120EC600900094EA4 /* ICMCommonInlineImages.h */,
			);
			path = "Common Images";
			sourceTree = "<group>";
		};
		4C469ED220EC600900094EA4 /* xkcd */ = {
			isa = PBXGroup;
			children = (
				4C469ED320EC600900094EA4 /* ICMXkcd.m */,
				4C469ED420EC600900094EA4 /* ICMXkcd.h */,
			);
			path = xkcd;
			sourceTree = "<group>";
		};
		374F48E6506D74CB0F85F7AB /* GitHub */ = {
			isa = PBXGroup;
			children = (
				B014D4E93460FC1F4A755A73 /* ICMGitHub.h */,
				7810346438E8C1A8591E52C0 /* ICMGitHub.m */,
			);
			path = GitHub;
			sourceTree = "<group>";
		};
		F02149A98409D9A641D7313A /* Reddit */ = {
			isa = PBXGroup;
			children = (
				2DA2712DF77F7DFE0F481A15 /* ICMReddit.h */,
				D121B54C692F778F6D40EC5E /* ICMReddit.m */,
			);
			path = Reddit;
			sourceTree = "<group>";
		};
		1AB79770D6B55746CB0985F5 /* Link Preview Card */ = {
			isa = PBXGroup;
			children = (
				5B363A6C7CC4F444B53B3C11 /* ICMLinkPreviewCard.h */,
				02E14F0A270ACF16F8BC9E02 /* ICMLinkPreviewCard.m */,
			);
			path = "Link Preview Card";
			sourceTree = "<group>";
		};
		EB4DF9C1ECC2B66750986598 /* Wikipedia */ = {
			isa = PBXGroup;
			children = (
				08A8A9EACE0B58EBD773DE92 /* ICMWikipedia.h */,
				CAE8A5FA36C8D5E0CF2DC8B6 /* ICMWikipedia.m */,
			);
			path = Wikipedia;
			sourceTree = "<group>";
		};
		48E12202D440D475C2A12BAB /* Spotify */ = {
			isa = PBXGroup;
			children = (
				9B971194AF5854159BE01A53 /* ICMSpotify.h */,
				AE826E8A97FCE2E144A1FC36 /* ICMSpotify.m */,
			);
			path = Spotify;
			sourceTree = "<group>";
		};
		3E9ADF74F5C0BA2B459E2027 /* SoundCloud */ = {
			isa = PBXGroup;
			children = (
				A94DF6F60728FFCB6B353EBB /* ICMSoundCloud.h */,
				5D76E382E8E8ABD4BE20E49F /* ICMSoundCloud.m */,
			);
			path = SoundCloud;
			sourceTree = "<group>";
		};
		A6503F0545954A7D17045DD2 /* Giphy */ = {
			isa = PBXGroup;
			children = (
				A5009076F8B2FFB9047FA378 /* ICMGiphy.h */,
				1850990256D6648C5D2C2FD6 /* ICMGiphy.m */,
			);
			path = Giphy;
			sourceTree = "<group>";
		};
		DBFF15BF9428FA049172BF06 /* CodePen */ = {
			isa = PBXGroup;
			children = (
				D6A7AAE032FBB51FCD0E37DA /* ICMCodePen.h */,
				B32C4CFA0208003C6BE35419 /* ICMCodePen.m */,
			);
			path = CodePen;
			sourceTree = "<group>";
		};
		7FA9B7F0528CA862E89E3CDD /* Bandcamp */ = {
			isa = PBXGroup;
			children = (
				DF262D5E7505221A183C231C /* ICMBandcamp.h */,
				E2645B54F0F8BE0DC3C764AE /* ICMBandcamp.m */,
			);
			path = Bandcamp;
			sourceTree = "<group>";
		};
		4C469EE520EC601B00094EA4 /* Shared */ = {
			isa = PBXGroup;
			children = (
				4C469EF420EC601B00094EA4 /* Headers */,
			);
			name = Shared;
			path = ../../../../Sources/Shared;
			sourceTree = SOURCE_ROOT;
		};
		4C469EF420EC601B00094EA4 /* Headers */ = {
			isa = PBXGroup;
			children = (
				4C469F0120EC601B00094EA4 /* TPCPreferences.h */,
			);
			path = Headers;
			sourceTree = "<group>";
		};
		4C469F2420EC608E00094EA4 /* Modules */ = {
			isa = PBXGroup;
			children = (
				7B2E95B93368CEEC435924D3 /* Link Preview Card */,
			);
			path = Modules;
			sourceTree = "<group>";
		};
		7B2E95B93368CEEC435924D3 /* Link Preview Card */ = {
			isa = PBXGroup;
			children = (
				B4DCE587D6EFDFD5C34D1E2B /* ICMLinkPreviewCard.mustache */,
				4DA459A1320BE005E5DE8FB5 /* ICMLinkPreviewCard.css */,
			);
			path = "Link Preview Card";
			sourceTree = "<group>";
		};
		4C469F3520EC608E00094EA4 /* Property Lists */ = {
			isa = PBXGroup;
			children = (
				4C469F3620EC608E00094EA4 /* Info.plist */,
			);
			path = "Property Lists";
			sourceTree = "<group>";
		};
		4CA1FE4F1FA606890095901F = {
			isa = PBXGroup;
			children = (
				4C469EA120EC600900094EA4 /* Classes */,
				4CA1FE611FA6069D0095901F /* Resources */,
				4CA1FE671FA608E70095901F /* Frameworks */,
				4CA1FE591FA606890095901F /* Products */,
			);
			sourceTree = "<group>";
		};
		4CA1FE591FA606890095901F /* Products */ = {
			isa = PBXGroup;
			children = (
				4CA1FE581FA606890095901F /* Core Media.mediaPlugin */,
			);
			name = Products;
			sourceTree = "<group>";
		};
		4CA1FE611FA6069D0095901F /* Resources */ = {
			isa = PBXGroup;
			children = (
				4CA1FE621FA607390095901F /* Build Settings */,
				4C469F2420EC608E00094EA4 /* Modules */,
				4C469F3520EC608E00094EA4 /* Property Lists */,
			);
			path = Resources;
			sourceTree = "<group>";
		};
		4CA1FE621FA607390095901F /* Build Settings */ = {
			isa = PBXGroup;
			children = (
				4CA1FE631FA607450095901F /* Configurations */,
			);
			name = "Build Settings";
			sourceTree = "<group>";
		};
		4CA1FE631FA607450095901F /* Configurations */ = {
			isa = PBXGroup;
			children = (
				4CE145AE20EC0D5A000E01C9 /* Build */,
			);
			name = Configurations;
			path = ../../../../../Configurations;
			sourceTree = "<group>";
		};
		4CA1FE671FA608E70095901F /* Frameworks */ = {
			isa = PBXGroup;
			children = (
				4C03B6731FA6566200748FE7 /* External Frameworks */,
				4C03B65B1FA6518A00748FE7 /* System Frameworks */,
			);
			name = Frameworks;
			sourceTree = "<group>";
		};
		4CE145AE20EC0D5A000E01C9 /* Build */ = {
			isa = PBXGroup;
			children = (
				4CE145C220EC0D5A000E01C9 /* Common */,
				4CE145D720EC0D5A000E01C9 /* Debug */,
				4CE145AF20EC0D5A000E01C9 /* Standard Release */,
			);
			path = Build;
			sourceTree = "<group>";
		};
		4CE145AF20EC0D5A000E01C9 /* Standard Release */ = {
			isa = PBXGroup;
			children = (
				4CE145B720EC0D5A000E01C9 /* Enabled Features.xcconfig */,
				4CE145B220EC0D5A000E01C9 /* Textual.xcconfig */,
				4CE145B620EC0D5A000E01C9 /* XPC Service - ICL Extensions.xcconfig */,
			);
			path = "Standard Release";
			sourceTree = "<group>";
		};
		4CE145C220EC0D5A000E01C9 /* Common */ = {
			isa = PBXGroup;
			children = (
				4CE145CC20EC0D5A000E01C9 /* Foundation Debug.xcconfig */,
				4CE145C920EC0D5A000E01C9 /* Foundation.xcconfig */,
				4CE145C620EC0D5A000E01C9 /* Preserve Symbols.xcconfig */,
				4CE145C520EC0D5A000E01C9 /* Textual.xcconfig */,
				4CE145CB20EC0D5A000E01C9 /* XPC Service - ICL Extensions.xcconfig */,
			);
			path = Common;
			sourceTree = "<group>";
		};
		4CE145D720EC0D5A000E01C9 /* Debug */ = {
			isa = PBXGroup;
			children = (
				4CE145DF20EC0D5A000E01C9 /* Enabled Features.xcconfig */,
				4CE145DA20EC0D5A000E01C9 /* Textual.xcconfig */,
				4CE145DE20EC0D5A000E01C9 /* XPC Service - ICL Extensions.xcconfig */,
			);
			path = Debug;
			sourceTree = "<group>";
		};
/* End PBXGroup section */

/* Begin PBXNativeTarget section */
		4CA1FE571FA606890095901F /* Inline Content Loader Core Media */ = {
			isa = PBXNativeTarget;
			buildConfigurationList = 4CA1FE5E1FA606890095901F /* Build configuration list for PBXNativeTarget "Inline Content Loader Core Media" */;
			buildPhases = (
				4CA1FE561FA606890095901F /* Resources */,
				4CA1FE551FA606890095901F /* Frameworks */,
				4CA1FE541FA606890095901F /* Sources */,
			);
			buildRules = (
			);
			dependencies = (
			);
			name = "Inline Content Loader Core Media";
			productName = "Core Media";
			productReference = 4CA1FE581FA606890095901F /* Core Media.mediaPlugin */;
			productType = "com.apple.product-type.bundle";
		};
/* End PBXNativeTarget section */

/* Begin PBXProject section */
		4CA1FE501FA606890095901F /* Project object */ = {
			isa = PBXProject;
			attributes = {
				BuildIndependentTargetsInParallel = YES;
				CLASSPREFIX = ICP;
				LastUpgradeCheck = 1600;
				ORGANIZATIONNAME = "Codeux Software, LLC";
				TargetAttributes = {
					4CA1FE571FA606890095901F = {
						CreatedOnToolsVersion = 9.0;
					};
				};
			};
			buildConfigurationList = 4CA1FE531FA606890095901F /* Build configuration list for PBXProject "Inline Content Loader Core Media" */;
			compatibilityVersion = "Xcode 8.0";
			developmentRegion = en;
			hasScannedForEncodings = 0;
			knownRegions = (
				en,
				Base,
			);
			mainGroup = 4CA1FE4F1FA606890095901F;
			productRefGroup = 4CA1FE591FA606890095901F /* Products */;
			projectDirPath = "";
			projectRoot = "";
			targets = (
				4CA1FE571FA606890095901F /* Inline Content Loader Core Media */,
			);
		};
/* End PBXProject section */

/* Begin PBXResourcesBuildPhase section */
		4CA1FE561FA606890095901F /* Resources */ = {
			isa = PBXResourcesBuildPhase;
			buildActionMask = 2147483647;
			files = (
				30C1CB3BEFCC636C0079E3C2 /* ICMLinkPreviewCard.mustache in Resources */,
				092E272411A4884560869FA7 /* ICMLinkPreviewCard.css in Resources */,
			);
			runOnlyForDeploymentPostprocessing = 0;
		};
/* End PBXResourcesBuildPhase section */

/* Begin PBXSourcesBuildPhase section */
		4CA1FE541FA606890095901F /* Sources */ = {
			isa = PBXSourcesBuildPhase;
			buildActionMask = 2147483647;
			files = (
				4C469ED720EC600900094EA4 /* ICMTweet.m in Sources */,
				4C469EDF20EC600900094EA4 /* ICMYouTube.m in Sources */,
				4C469EDA20EC600900094EA4 /* ICMGyazo.m in Sources */,
				4C469EE220EC600900094EA4 /* ICMTwitchLive.m in Sources */,
				4C469EE320EC600900094EA4 /* ICMCommonInlineImages.m in Sources */,
				4C469EDB20EC600900094EA4 /* ICMStreamable.m in Sources */,
				4C469EE420EC600900094EA4 /* ICMXkcd.m in Sources */,
				4C469EE020EC600900094EA4 /* ICMDailymotion.m in Sources */,
				4C469EE120EC600900094EA4 /* ICMTwitchClips.m in Sources */,
				4C469ED520EC600900094EA4 /* ICPCoreMedia.m in Sources */,
				4C469EDC20EC600900094EA4 /* ICMVimeo.m in Sources */,
				4C469EDE20EC600900094EA4 /* ICMImgurGifv.m in Sources */,
				4C469ED620EC600900094EA4 /* ICMCommonInlineVideos.m in Sources */,
				424846CACEC9BE830A30E8CF /* ICMLinkPreviewCard.m in Sources */,
				54C30A91B8F1472E027C7BE8 /* ICMGitHub.m in Sources */,
				1B8F78E7F6D6FD9CFA26F8AD /* ICMReddit.m in Sources */,
				011B29054D7EBD48159ACEF5 /* ICMWikipedia.m in Sources */,
				33DC81C6CEE724CA41A3529A /* ICMSpotify.m in Sources */,
				B851DA32F4FE3B6DE2388C9B /* ICMSoundCloud.m in Sources */,
				F45D2952B112222313A3AADF /* ICMGiphy.m in Sources */,
				D838EF160164A22E9ECF7D69 /* ICMCodePen.m in Sources */,
				152DEFD5DA9B33566D84172B /* ICMBandcamp.m in Sources */,
			);
			runOnlyForDeploymentPostprocessing = 0;
		};
/* End PBXSourcesBuildPhase section */

/* Begin XCBuildConfiguration section */
		4CA1FE5C1FA606890095901F /* Debug */ = {
			isa = XCBuildConfiguration;
			baseConfigurationReference = 4CE145DE20EC0D5A000E01C9 /* XPC Service - ICL Extensions.xcconfig */;
			buildSettings = {
			};
			name = Debug;
		};
		4CA1FE5D1FA606890095901F /* Release */ = {
			isa = XCBuildConfiguration;
			baseConfigurationReference = 4CE145B620EC0D5A000E01C9 /* XPC Service - ICL Extensions.xcconfig */;
			buildSettings = {
			};
			name = Release;
		};
		4CA1FE5F1FA606890095901F /* Debug */ = {
			isa = XCBuildConfiguration;
			buildSettings = {
				GCC_PREFIX_HEADER = "${PROJECT_DIR}/Classes/Headers/Private/ICPCoreMediaPCHPrivate.h";
				INFOPLIST_FILE = "Resources/Property Lists/Info.plist";
				OTHER_LDFLAGS = "-undefined dynamic_lookup";
				PRODUCT_BUNDLE_IDENTIFIER = "app.textwerk.InlineContentLoader-CoreMedia";
				PRODUCT_NAME = "Core Media";
				WRAPPER_EXTENSION = mediaPlugin;
			};
			name = Debug;
		};
		4CA1FE601FA606890095901F /* Release */ = {
			isa = XCBuildConfiguration;
			buildSettings = {
				GCC_PREFIX_HEADER = "${PROJECT_DIR}/Classes/Headers/Private/ICPCoreMediaPCHPrivate.h";
				INFOPLIST_FILE = "Resources/Property Lists/Info.plist";
				OTHER_LDFLAGS = "-undefined dynamic_lookup";
				PRODUCT_BUNDLE_IDENTIFIER = "app.textwerk.InlineContentLoader-CoreMedia";
				PRODUCT_NAME = "Core Media";
				WRAPPER_EXTENSION = mediaPlugin;
			};
			name = Release;
		};
/* End XCBuildConfiguration section */

/* Begin XCConfigurationList section */
		4CA1FE531FA606890095901F /* Build configuration list for PBXProject "Inline Content Loader Core Media" */ = {
			isa = XCConfigurationList;
			buildConfigurations = (
				4CA1FE5C1FA606890095901F /* Debug */,
				4CA1FE5D1FA606890095901F /* Release */,
			);
			defaultConfigurationIsVisible = 0;
			defaultConfigurationName = Release;
		};
		4CA1FE5E1FA606890095901F /* Build configuration list for PBXNativeTarget "Inline Content Loader Core Media" */ = {
			isa = XCConfigurationList;
			buildConfigurations = (
				4CA1FE5F1FA606890095901F /* Debug */,
				4CA1FE601FA606890095901F /* Release */,
			);
			defaultConfigurationIsVisible = 0;
			defaultConfigurationName = Release;
		};
/* End XCConfigurationList section */
	};
	rootObject = 4CA1FE501FA606890095901F /* Project object */;
}
